
Microsoft Visual Studio Solution File, Format Version 12.00
# Visual Studio Version 17
VisualStudioVersion = 17.7.34221.43
MinimumVisualStudioVersion = 10.0.40219.1
Project("{FAE04EC0-301F-11D3-BF4B-00C04F79EFBC}") = "ConsoleApp9", "ConsoleApp9.csproj", "{3973B381-476B-4701-A23C-6ACAF1272455}"
EndProject
Global
	GlobalSection(SolutionConfigurationPlatforms) = preSolution
		Debug|Any CPU = Debug|Any CPU
		Release|Any CPU = Release|Any CPU
	EndGlobalSection
	GlobalSection(ProjectConfigurationPlatforms) = postSolution
		{3973B381-476B-4701-A23C-6ACAF1272455}.Debug|Any CPU.ActiveCfg = Debug|Any CPU
		{3973B381-476B-4701-A23C-6ACAF1272455}.Debug|Any CPU.Build.0 = Debug|Any CPU
		{3973B381-476B-4701-A23C-6ACAF1272455}.Release|Any CPU.ActiveCfg = Release|Any CPU
		{3973B381-476B-4701-A23C-6ACAF1272455}.Release|Any CPU.Build.0 = Release|Any CPU
	EndGlobalSection
	GlobalSection(SolutionProperties) = preSolution
		HideSolutionNode = FALSE
	EndGlobalSection
	GlobalSection(ExtensibilityGlobals) = postSolution
		SolutionGuid = {9CB18A19-0AD7-4986-AE9A-8917440076C3}
	EndGlobalSection
EndGlobal
